// !$*UTF8*$!
{
	archiveVersion = 1;
	classes = {
	};
	objectVersion = 51;
	objects = {

/* Begin PBXBuildFile section */
		3E1F3FF91DC48E3880481A3E /* Pods_Twitter_Clone.framework in Frameworks */ = {isa = PBXBuildFile; fileRef = 69E3BF951FE8691DBDF79B31 /* Pods_Twitter_Clone.framework */; };
		A155E32A268A5647007A7E80 /* AppDelegate.swift in Sources */ = {isa = PBXBuildFile; fileRef = A155E329268A5647007A7E80 /* AppDelegate.swift */; };
		A155E32C268A5647007A7E80 /* SceneDelegate.swift in Sources */ = {isa = PBXBuildFile; fileRef = A155E32B268A5647007A7E80 /* SceneDelegate.swift */; };
		A155E331268A5647007A7E80 /* Main.storyboard in Resources */ = {isa = PBXBuildFile; fileRef = A155E32F268A5647007A7E80 /* Main.storyboard */; };
		A155E333268A5649007A7E80 /* Assets.xcassets in Resources */ = {isa = PBXBuildFile; fileRef = A155E332268A5649007A7E80 /* Assets.xcassets */; };
		A155E336268A5649007A7E80 /* LaunchScreen.storyboard in Resources */ = {isa = PBXBuildFile; fileRef = A155E334268A5649007A7E80 /* LaunchScreen.storyboard */; };
		A155E346268A5C01007A7E80 /* TwitterTabBarViewController.swift in Sources */ = {isa = PBXBuildFile; fileRef = A155E345268A5C01007A7E80 /* TwitterTabBarViewController.swift */; };
		A155E34B268A5E9E007A7E80 /* FeedController.swift in Sources */ = {isa = PBXBuildFile; fileRef = A155E34A268A5E9E007A7E80 /* FeedController.swift */; };
		A155E34F268A5F62007A7E80 /* ExploreViewController.swift in Sources */ = {isa = PBXBuildFile; fileRef = A155E34E268A5F62007A7E80 /* ExploreViewController.swift */; };
		A155E352268A5FC1007A7E80 /* NotificationController.swift in Sources */ = {isa = PBXBuildFile; fileRef = A155E351268A5FC1007A7E80 /* NotificationController.swift */; };
		A155E355268A5FFF007A7E80 /* ConversationController.swift in Sources */ = {isa = PBXBuildFile; fileRef = A155E354268A5FFF007A7E80 /* ConversationController.swift */; };
		A155E35B268A7AB4007A7E80 /* Colors.swift in Sources */ = {isa = PBXBuildFile; fileRef = A155E35A268A7AB4007A7E80 /* Colors.swift */; };
		A155E35E268A7FA0007A7E80 /* ImageAssetsName.swift in Sources */ = {isa = PBXBuildFile; fileRef = A155E35D268A7FA0007A7E80 /* ImageAssetsName.swift */; };
		A155E361268A8A57007A7E80 /* CGFloatExtension.swift in Sources */ = {isa = PBXBuildFile; fileRef = A155E360268A8A57007A7E80 /* CGFloatExtension.swift */; };
		A155E368268AA86B007A7E80 /* LoginViewController.swift in Sources */ = {isa = PBXBuildFile; fileRef = A155E367268AA86B007A7E80 /* LoginViewController.swift */; };
		A155E36D268AAF88007A7E80 /* RegisterViewController.swift in Sources */ = {isa = PBXBuildFile; fileRef = A155E36C268AAF88007A7E80 /* RegisterViewController.swift */; };
		A155E377268B9E03007A7E80 /* InputContainerView.swift in Sources */ = {isa = PBXBuildFile; fileRef = A155E376268B9E03007A7E80 /* InputContainerView.swift */; };
		A155E37D268BBC66007A7E80 /* AuthBaseViewController.swift in Sources */ = {isa = PBXBuildFile; fileRef = A155E37C268BBC66007A7E80 /* AuthBaseViewController.swift */; };
		A155E383268BC5EA007A7E80 /* AuthSettings.swift in Sources */ = {isa = PBXBuildFile; fileRef = A155E382268BC5EA007A7E80 /* AuthSettings.swift */; };
/* End PBXBuildFile section */

/* Begin PBXFileReference section */
		69E3BF951FE8691DBDF79B31 /* Pods_Twitter_Clone.framework */ = {isa = PBXFileReference; explicitFileType = wrapper.framework; includeInIndex = 0; path = Pods_Twitter_Clone.framework; sourceTree = BUILT_PRODUCTS_DIR; };
		8AFCCBBF419E3ACB465212A0 /* Pods-Twitter Clone.debug.xcconfig */ = {isa = PBXFileReference; includeInIndex = 1; lastKnownFileType = text.xcconfig; name = "Pods-Twitter Clone.debug.xcconfig"; path = "Target Support Files/Pods-Twitter Clone/Pods-Twitter Clone.debug.xcconfig"; sourceTree = "<group>"; };
		A155E326268A5647007A7E80 /* Twitter Clone.app */ = {isa = PBXFileReference; explicitFileType = wrapper.application; includeInIndex = 0; path = "Twitter Clone.app"; sourceTree = BUILT_PRODUCTS_DIR; };
		A155E329268A5647007A7E80 /* AppDelegate.swift */ = {isa = PBXFileReference; lastKnownFileType = sourcecode.swift; path = AppDelegate.swift; sourceTree = "<group>"; };
		A155E32B268A5647007A7E80 /* SceneDelegate.swift */ = {isa = PBXFileReference; lastKnownFileType = sourcecode.swift; path = SceneDelegate.swift; sourceTree = "<group>"; };
		A155E330268A5647007A7E80 /* Base */ = {isa = PBXFileReference; lastKnownFileType = file.storyboard; name = Base; path = Base.lproj/Main.storyboard; sourceTree = "<group>"; };
		A155E332268A5649007A7E80 /* Assets.xcassets */ = {isa = PBXFileReference; lastKnownFileType = folder.assetcatalog; path = Assets.xcassets; sourceTree = "<group>"; };
		A155E335268A5649007A7E80 /* Base */ = {isa = PBXFileReference; lastKnownFileType = file.storyboard; name = Base; path = Base.lproj/LaunchScreen.storyboard; sourceTree = "<group>"; };
		A155E337268A5649007A7E80 /* Info.plist */ = {isa = PBXFileReference; lastKnownFileType = text.plist.xml; path = Info.plist; sourceTree = "<group>"; };
		A155E345268A5C01007A7E80 /* TwitterTabBarViewController.swift */ = {isa = PBXFileReference; lastKnownFileType = sourcecode.swift; name = TwitterTabBarViewController.swift; path = "Twitter Clone/Controller/TwitterTabBarViewController.swift"; sourceTree = SOURCE_ROOT; };
		A155E34A268A5E9E007A7E80 /* FeedController.swift */ = {isa = PBXFileReference; lastKnownFileType = sourcecode.swift; path = FeedController.swift; sourceTree = "<group>"; };
		A155E34E268A5F62007A7E80 /* ExploreViewController.swift */ = {isa = PBXFileReference; lastKnownFileType = sourcecode.swift; path = ExploreViewController.swift; sourceTree = "<group>"; };
		A155E351268A5FC1007A7E80 /* NotificationController.swift */ = {isa = PBXFileReference; lastKnownFileType = sourcecode.swift; path = NotificationController.swift; sourceTree = "<group>"; };
		A155E354268A5FFF007A7E80 /* ConversationController.swift */ = {isa = PBXFileReference; lastKnownFileType = sourcecode.swift; path = ConversationController.swift; sourceTree = "<group>"; };
		A155E35A268A7AB4007A7E80 /* Colors.swift */ = {isa = PBXFileReference; lastKnownFileType = sourcecode.swift; path = Colors.swift; sourceTree = "<group>"; };
		A155E35D268A7FA0007A7E80 /* ImageAssetsName.swift */ = {isa = PBXFileReference; lastKnownFileType = sourcecode.swift; path = ImageAssetsName.swift; sourceTree = "<group>"; };
		A155E360268A8A57007A7E80 /* CGFloatExtension.swift */ = {isa = PBXFileReference; lastKnownFileType = sourcecode.swift; path = CGFloatExtension.swift; sourceTree = "<group>"; };
		A155E367268AA86B007A7E80 /* LoginViewController.swift */ = {isa = PBXFileReference; lastKnownFileType = sourcecode.swift; path = LoginViewController.swift; sourceTree = "<group>"; };
		A155E36C268AAF88007A7E80 /* RegisterViewController.swift */ = {isa = PBXFileReference; lastKnownFileType = sourcecode.swift; path = RegisterViewController.swift; sourceTree = "<group>"; };
		A155E376268B9E03007A7E80 /* InputContainerView.swift */ = {isa = PBXFileReference; lastKnownFileType = sourcecode.swift; path = InputContainerView.swift; sourceTree = "<group>"; };
		A155E37C268BBC66007A7E80 /* AuthBaseViewController.swift */ = {isa = PBXFileReference; lastKnownFileType = sourcecode.swift; path = AuthBaseViewController.swift; sourceTree = "<group>"; };
		A155E382268BC5EA007A7E80 /* AuthSettings.swift */ = {isa = PBXFileReference; lastKnownFileType = sourcecode.swift; path = AuthSettings.swift; sourceTree = "<group>"; };
		E5ED813C0D0397578D9ED0BC /* Pods-Twitter Clone.release.xcconfig */ = {isa = PBXFileReference; includeInIndex = 1; lastKnownFileType = text.xcconfig; name = "Pods-Twitter Clone.release.xcconfig"; path = "Target Support Files/Pods-Twitter Clone/Pods-Twitter Clone.release.xcconfig"; sourceTree = "<group>"; };
/* End PBXFileReference section */

/* Begin PBXFrameworksBuildPhase section */
		A155E323268A5647007A7E80 /* Frameworks */ = {
			isa = PBXFrameworksBuildPhase;
			buildActionMask = 2147483647;
			files = (
				3E1F3FF91DC48E3880481A3E /* Pods_Twitter_Clone.framework in Frameworks */,
			);
			runOnlyForDeploymentPostprocessing = 0;
		};
/* End PBXFrameworksBuildPhase section */

/* Begin PBXGroup section */
		7128DC9AD94E06A8B45A6940 /* Frameworks */ = {
			isa = PBXGroup;
			children = (
				69E3BF951FE8691DBDF79B31 /* Pods_Twitter_Clone.framework */,
			);
			name = Frameworks;
			sourceTree = "<group>";
		};
		A048EB143B070BB88E2ABEEA /* Pods */ = {
			isa = PBXGroup;
			children = (
				8AFCCBBF419E3ACB465212A0 /* Pods-Twitter Clone.debug.xcconfig */,
				E5ED813C0D0397578D9ED0BC /* Pods-Twitter Clone.release.xcconfig */,
			);
			path = Pods;
			sourceTree = "<group>";
		};
		A155E31D268A5646007A7E80 = {
			isa = PBXGroup;
			children = (
				A155E328268A5647007A7E80 /* Twitter Clone */,
				A155E327268A5647007A7E80 /* Products */,
				A048EB143B070BB88E2ABEEA /* Pods */,
				7128DC9AD94E06A8B45A6940 /* Frameworks */,
			);
			sourceTree = "<group>";
		};
		A155E327268A5647007A7E80 /* Products */ = {
			isa = PBXGroup;
			children = (
				A155E326268A5647007A7E80 /* Twitter Clone.app */,
			);
			name = Products;
			sourceTree = "<group>";
		};
		A155E328268A5647007A7E80 /* Twitter Clone */ = {
			isa = PBXGroup;
			children = (
				A155E344268A57FC007A7E80 /* Model */,
				A155E343268A57F7007A7E80 /* View */,
				A155E342268A57F2007A7E80 /* ViewModel */,
				A155E341268A57EF007A7E80 /* Controller */,
				A155E340268A57EA007A7E80 /* API */,
				A155E33E268A57DD007A7E80 /* Utils */,
				A155E329268A5647007A7E80 /* AppDelegate.swift */,
				A155E32B268A5647007A7E80 /* SceneDelegate.swift */,
				A155E32F268A5647007A7E80 /* Main.storyboard */,
				A155E332268A5649007A7E80 /* Assets.xcassets */,
				A155E334268A5649007A7E80 /* LaunchScreen.storyboard */,
				A155E337268A5649007A7E80 /* Info.plist */,
			);
			path = "Twitter Clone";
			sourceTree = "<group>";
		};
		A155E33E268A57DD007A7E80 /* Utils */ = {
			isa = PBXGroup;
			children = (
				A155E35A268A7AB4007A7E80 /* Colors.swift */,
				A155E35D268A7FA0007A7E80 /* ImageAssetsName.swift */,
				A155E360268A8A57007A7E80 /* CGFloatExtension.swift */,
			);
			path = Utils;
			sourceTree = "<group>";
		};
		A155E340268A57EA007A7E80 /* API */ = {
			isa = PBXGroup;
			children = (
			);
			path = API;
			sourceTree = "<group>";
		};
		A155E341268A57EF007A7E80 /* Controller */ = {
			isa = PBXGroup;
			children = (
				A155E345268A5C01007A7E80 /* TwitterTabBarViewController.swift */,
				A155E34A268A5E9E007A7E80 /* FeedController.swift */,
				A155E34E268A5F62007A7E80 /* ExploreViewController.swift */,
				A155E351268A5FC1007A7E80 /* NotificationController.swift */,
				A155E354268A5FFF007A7E80 /* ConversationController.swift */,
				A155E36A268AA8C0007A7E80 /* Auth */,
			);
			path = Controller;
			sourceTree = "<group>";
		};
		A155E342268A57F2007A7E80 /* ViewModel */ = {
			isa = PBXGroup;
			children = (
			);
			path = ViewModel;
			sourceTree = "<group>";
		};
		A155E343268A57F7007A7E80 /* View */ = {
			isa = PBXGroup;
			children = (
				A155E37A268BB53F007A7E80 /* Shared */,
			);
			path = View;
			sourceTree = "<group>";
		};
		A155E344268A57FC007A7E80 /* Model */ = {
			isa = PBXGroup;
			children = (
			);
			path = Model;
			sourceTree = "<group>";
		};
		A155E36A268AA8C0007A7E80 /* Auth */ = {
			isa = PBXGroup;
			children = (
				A155E367268AA86B007A7E80 /* LoginViewController.swift */,
				A155E382268BC5EA007A7E80 /* AuthSettings.swift */,
				A155E36C268AAF88007A7E80 /* RegisterViewController.swift */,
				A155E37C268BBC66007A7E80 /* AuthBaseViewController.swift */,
			);
			path = Auth;
			sourceTree = "<group>";
		};
		A155E37A268BB53F007A7E80 /* Shared */ = {
			isa = PBXGroup;
			children = (
				A155E376268B9E03007A7E80 /* InputContainerView.swift */,
			);
			path = Shared;
			sourceTree = "<group>";
		};
/* End PBXGroup section */

/* Begin PBXNativeTarget section */
		A155E325268A5647007A7E80 /* Twitter Clone */ = {
			isa = PBXNativeTarget;
			buildConfigurationList = A155E33A268A5649007A7E80 /* Build configuration list for PBXNativeTarget "Twitter Clone" */;
			buildPhases = (
				1976D7E93B363208F8589A43 /* [CP] Check Pods Manifest.lock */,
				A155E322268A5647007A7E80 /* Sources */,
				A155E323268A5647007A7E80 /* Frameworks */,
				A155E324268A5647007A7E80 /* Resources */,
				FADEFCD27A4CB6BFD342F5FC /* [CP] Embed Pods Frameworks */,
			);
			buildRules = (
			);
			dependencies = (
			);
			name = "Twitter Clone";
			productName = "Twitter Clone";
			productReference = A155E326268A5647007A7E80 /* Twitter Clone.app */;
			productType = "com.apple.product-type.application";
		};
/* End PBXNativeTarget section */

/* Begin PBXProject section */
		A155E31E268A5646007A7E80 /* Project object */ = {
			isa = PBXProject;
			attributes = {
				LastSwiftUpdateCheck = 1240;
				LastUpgradeCheck = 1240;
				TargetAttributes = {
					A155E325268A5647007A7E80 = {
						CreatedOnToolsVersion = 12.4;
					};
				};
			};
			buildConfigurationList = A155E321268A5646007A7E80 /* Build configuration list for PBXProject "Twitter Clone" */;
			compatibilityVersion = "Xcode 9.3";
			developmentRegion = en;
			hasScannedForEncodings = 0;
			knownRegions = (
				en,
				Base,
			);
			mainGroup = A155E31D268A5646007A7E80;
			productRefGroup = A155E327268A5647007A7E80 /* Products */;
			projectDirPath = "";
			projectRoot = "";
			targets = (
				A155E325268A5647007A7E80 /* Twitter Clone */,
			);
		};
/* End PBXProject section */

/* Begin PBXResourcesBuildPhase section */
		A155E324268A5647007A7E80 /* Resources */ = {
			isa = PBXResourcesBuildPhase;
			buildActionMask = 2147483647;
			files = (
				A155E336268A5649007A7E80 /* LaunchScreen.storyboard in Resources */,
				A155E333268A5649007A7E80 /* Assets.xcassets in Resources */,
				A155E331268A5647007A7E80 /* Main.storyboard in Resources */,
			);
			runOnlyForDeploymentPostprocessing = 0;
		};
/* End PBXResourcesBuildPhase section */

/* Begin PBXShellScriptBuildPhase section */
		1976D7E93B363208F8589A43 /* [CP] Check Pods Manifest.lock */ = {
			isa = PBXShellScriptBuildPhase;
			buildActionMask = 2147483647;
			files = (
			);
			inputFileListPaths = (
			);
			inputPaths = (
				"${PODS_PODFILE_DIR_PATH}/Podfile.lock",
				"${PODS_ROOT}/Manifest.lock",
			);
			name = "[CP] Check Pods Manifest.lock";
			outputFileListPaths = (
			);
			outputPaths = (
				"$(DERIVED_FILE_DIR)/Pods-Twitter Clone-checkManifestLockResult.txt",
			);
			runOnlyForDeploymentPostprocessing = 0;
			shellPath = /bin/sh;
			shellScript = "diff \"${PODS_PODFILE_DIR_PATH}/Podfile.lock\" \"${PODS_ROOT}/Manifest.lock\" > /dev/null\nif [ $? != 0 ] ; then\n    # print error to STDERR\n    echo \"error: The sandbox is not in sync with the Podfile.lock. Run 'pod install' or update your CocoaPods installation.\" >&2\n    exit 1\nfi\n# This output is used by Xcode 'outputs' to avoid re-running this script phase.\necho \"SUCCESS\" > \"${SCRIPT_OUTPUT_FILE_0}\"\n";
			showEnvVarsInLog = 0;
		};
		FADEFCD27A4CB6BFD342F5FC /* [CP] Embed Pods Frameworks */ = {
			isa = PBXShellScriptBuildPhase;
			buildActionMask = 2147483647;
			files = (
			);
			inputFileListPaths = (
				"${PODS_ROOT}/Target Support Files/Pods-Twitter Clone/Pods-Twitter Clone-frameworks-${CONFIGURATION}-input-files.xcfilelist",
			);
			name = "[CP] Embed Pods Frameworks";
			outputFileListPaths = (
				"${PODS_ROOT}/Target Support Files/Pods-Twitter Clone/Pods-Twitter Clone-frameworks-${CONFIGURATION}-output-files.xcfilelist",
			);
			runOnlyForDeploymentPostprocessing = 0;
			shellPath = /bin/sh;
			shellScript = "\"${PODS_ROOT}/Target Support Files/Pods-Twitter Clone/Pods-Twitter Clone-frameworks.sh\"\n";
			showEnvVarsInLog = 0;
		};
/* End PBXShellScriptBuildPhase section */

/* Begin PBXSourcesBuildPhase section */
		A155E322268A5647007A7E80 /* Sources */ = {
			isa = PBXSourcesBuildPhase;
			buildActionMask = 2147483647;
			files = (
				A155E352268A5FC1007A7E80 /* NotificationController.swift in Sources */,
				A155E35B268A7AB4007A7E80 /* Colors.swift in Sources */,
				A155E37D268BBC66007A7E80 /* AuthBaseViewController.swift in Sources */,
				A155E32A268A5647007A7E80 /* AppDelegate.swift in Sources */,
				A155E346268A5C01007A7E80 /* TwitterTabBarViewController.swift in Sources */,
				A155E377268B9E03007A7E80 /* InputContainerView.swift in Sources */,
				A155E383268BC5EA007A7E80 /* AuthSettings.swift in Sources */,
				A155E34F268A5F62007A7E80 /* ExploreViewController.swift in Sources */,
				A155E32C268A5647007A7E80 /* SceneDelegate.swift in Sources */,
				A155E361268A8A57007A7E80 /* CGFloatExtension.swift in Sources */,
				A155E35E268A7FA0007A7E80 /* ImageAssetsName.swift in Sources */,
				A155E355268A5FFF007A7E80 /* ConversationController.swift in Sources */,
				A155E36D268AAF88007A7E80 /* RegisterViewController.swift in Sources */,
				A155E34B268A5E9E007A7E80 /* FeedController.swift in Sources */,
				A155E368268AA86B007A7E80 /* LoginViewController.swift in Sources */,
			);
			runOnlyForDeploymentPostprocessing = 0;
		};
/* End PBXSourcesBuildPhase section */

/* Begin PBXVariantGroup section */
		A155E32F268A5647007A7E80 /* Main.storyboard */ = {
			isa = PBXVariantGroup;
			children = (
				A155E330268A5647007A7E80 /* Base */,
			);
			name = Main.storyboard;
			sourceTree = "<group>";
		};
		A155E334268A5649007A7E80 /* LaunchScreen.storyboard */ = {
			isa = PBXVariantGroup;
			children = (
				A155E335268A5649007A7E80 /* Base */,
			);
			name = LaunchScreen.storyboard;
			sourceTree = "<group>";
		};
/* End PBXVariantGroup section */

/* Begin XCBuildConfiguration section */
		A155E338268A5649007A7E80 /* Debug */ = {
			isa = XCBuildConfiguration;
			buildSettings = {
				ALWAYS_SEARCH_USER_PATHS = NO;
				CLANG_ANALYZER_NONNULL = YES;
				CLANG_ANALYZER_NUMBER_OBJECT_CONVERSION = YES_AGGRESSIVE;
				CLANG_CXX_LANGUAGE_STANDARD = "gnu++14";
				CLANG_CXX_LIBRARY = "libc++";
				CLANG_ENABLE_MODULES = YES;
				CLANG_ENABLE_OBJC_ARC = YES;
				CLANG_ENABLE_OBJC_WEAK = YES;
				CLANG_WARN_BLOCK_CAPTURE_AUTORELEASING = YES;
				CLANG_WARN_BOOL_CONVERSION = YES;
				CLANG_WARN_COMMA = YES;
				CLANG_WARN_CONSTANT_CONVERSION = YES;
				CLANG_WARN_DEPRECATED_OBJC_IMPLEMENTATIONS = YES;
				CLANG_WARN_DIRECT_OBJC_ISA_USAGE = YES_ERROR;
				CLANG_WARN_DOCUMENTATION_COMMENTS = YES;
				CLANG_WARN_EMPTY_BODY = YES;
				CLANG_WARN_ENUM_CONVERSION = YES;
				CLANG_WARN_INFINITE_RECURSION = YES;
				CLANG_WARN_INT_CONVERSION = YES;
				CLANG_WARN_NON_LITERAL_NULL_CONVERSION = YES;
				CLANG_WARN_OBJC_IMPLICIT_RETAIN_SELF = YES;
				CLANG_WARN_OBJC_LITERAL_CONVERSION = YES;
				CLANG_WARN_OBJC_ROOT_CLASS = YES_ERROR;
				CLANG_WARN_QUOTED_INCLUDE_IN_FRAMEWORK_HEADER = YES;
				CLANG_WARN_RANGE_LOOP_ANALYSIS = YES;
				CLANG_WARN_STRICT_PROTOTYPES = YES;
				CLANG_WARN_SUSPICIOUS_MOVE = YES;
				CLANG_WARN_UNGUARDED_AVAILABILITY = YES_AGGRESSIVE;
				CLANG_WARN_UNREACHABLE_CODE = YES;
				CLANG_WARN__DUPLICATE_METHOD_MATCH = YES;
				COPY_PHASE_STRIP = NO;
				DEBUG_INFORMATION_FORMAT = dwarf;
				ENABLE_STRICT_OBJC_MSGSEND = YES;
				ENABLE_TESTABILITY = YES;
				GCC_C_LANGUAGE_STANDARD = gnu11;
				GCC_DYNAMIC_NO_PIC = NO;
				GCC_NO_COMMON_BLOCKS = YES;
				GCC_OPTIMIZATION_LEVEL = 0;
				GCC_PREPROCESSOR_DEFINITIONS = (
					"DEBUG=1",
					"$(inherited)",
				);
				GCC_WARN_64_TO_32_BIT_CONVERSION = YES;
				GCC_WARN_ABOUT_RETURN_TYPE = YES_ERROR;
				GCC_WARN_UNDECLARED_SELECTOR = YES;
				GCC_WARN_UNINITIALIZED_AUTOS = YES_AGGRESSIVE;
				GCC_WARN_UNUSED_FUNCTION = YES;
				GCC_WARN_UNUSED_VARIABLE = YES;
				IPHONEOS_DEPLOYMENT_TARGET = 13.0;
				MTL_ENABLE_DEBUG_INFO = INCLUDE_SOURCE;
				MTL_FAST_MATH = YES;
				ONLY_ACTIVE_ARCH = YES;
				SDKROOT = iphoneos;
				SWIFT_ACTIVE_COMPILATION_CONDITIONS = DEBUG;
				SWIFT_OPTIMIZATION_LEVEL = "-Onone";
			};
			name = Debug;
		};
		A155E339268A5649007A7E80 /* Release */ = {
			isa = XCBuildConfiguration;
			buildSettings = {
				ALWAYS_SEARCH_USER_PATHS = NO;
				CLANG_ANALYZER_NONNULL = YES;
				CLANG_ANALYZER_NUMBER_OBJECT_CONVERSION = YES_AGGRESSIVE;
				CLANG_CXX_LANGUAGE_STANDARD = "gnu++14";
				CLANG_CXX_LIBRARY = "libc++";
				CLANG_ENABLE_MODULES = YES;
				CLANG_ENABLE_OBJC_ARC = YES;
				CLANG_ENABLE_OBJC_WEAK = YES;
				CLANG_WARN_BLOCK_CAPTURE_AUTORELEASING = YES;
				CLANG_WARN_BOOL_CONVERSION = YES;
				CLANG_WARN_COMMA = YES;
				CLANG_WARN_CONSTANT_CONVERSION = YES;
				CLANG_WARN_DEPRECATED_OBJC_IMPLEMENTATIONS = YES;
				CLANG_WARN_DIRECT_OBJC_ISA_USAGE = YES_ERROR;
				CLANG_WARN_DOCUMENTATION_COMMENTS = YES;
				CLANG_WARN_EMPTY_BODY = YES;
				CLANG_WARN_ENUM_CONVERSION = YES;
				CLANG_WARN_INFINITE_RECURSION = YES;
				CLANG_WARN_INT_CONVERSION = YES;
				CLANG_WARN_NON_LITERAL_NULL_CONVERSION = YES;
				CLANG_WARN_OBJC_IMPLICIT_RETAIN_SELF = YES;
				CLANG_WARN_OBJC_LITERAL_CONVERSION = YES;
				CLANG_WARN_OBJC_ROOT_CLASS = YES_ERROR;
				CLANG_WARN_QUOTED_INCLUDE_IN_FRAMEWORK_HEADER = YES;
				CLANG_WARN_RANGE_LOOP_ANALYSIS = YES;
				CLANG_WARN_STRICT_PROTOTYPES = YES;
				CLANG_WARN_SUSPICIOUS_MOVE = YES;
				CLANG_WARN_UNGUARDED_AVAILABILITY = YES_AGGRESSIVE;
				CLANG_WARN_UNREACHABLE_CODE = YES;
				CLANG_WARN__DUPLICATE_METHOD_MATCH = YES;
				COPY_PHASE_STRIP = NO;
				DEBUG_INFORMATION_FORMAT = "dwarf-with-dsym";
				ENABLE_NS_ASSERTIONS = NO;
				ENABLE_STRICT_OBJC_MSGSEND = YES;
				GCC_C_LANGUAGE_STANDARD = gnu11;
				GCC_NO_COMMON_BLOCKS = YES;
				GCC_WARN_64_TO_32_BIT_CONVERSION = YES;
				GCC_WARN_ABOUT_RETURN_TYPE = YES_ERROR;
				GCC_WARN_UNDECLARED_SELECTOR = YES;
				GCC_WARN_UNINITIALIZED_AUTOS = YES_AGGRESSIVE;
				GCC_WARN_UNUSED_FUNCTION = YES;
				GCC_WARN_UNUSED_VARIABLE = YES;
				IPHONEOS_DEPLOYMENT_TARGET = 13.0;
				MTL_ENABLE_DEBUG_INFO = NO;
				MTL_FAST_MATH = YES;
				SDKROOT = iphoneos;
				SWIFT_COMPILATION_MODE = wholemodule;
				SWIFT_OPTIMIZATION_LEVEL = "-O";
				VALIDATE_PRODUCT = YES;
			};
			name = Release;
		};
		A155E33B268A5649007A7E80 /* Debug */ = {
			isa = XCBuildConfiguration;
			baseConfigurationReference = 8AFCCBBF419E3ACB465212A0 /* Pods-Twitter Clone.debug.xcconfig */;
			buildSettings = {
				ASSETCATALOG_COMPILER_APPICON_NAME = AppIcon;
				ASSETCATALOG_COMPILER_GLOBAL_ACCENT_COLOR_NAME = AccentColor;
				CODE_SIGN_STYLE = Automatic;
				INFOPLIST_FILE = "Twitter Clone/Info.plist";
				LD_RUNPATH_SEARCH_PATHS = (
					"$(inherited)",
					"@executable_path/Frameworks",
				);
				PRODUCT_BUNDLE_IDENTIFIER = "com.project-clone.Twitter-Clone";
				PRODUCT_NAME = "$(TARGET_NAME)";
				SWIFT_VERSION = 5.0;
				TARGETED_DEVICE_FAMILY = 1;
			};
			name = Debug;
		};
		A155E33C268A5649007A7E80 /* Release */ = {
			isa = XCBuildConfiguration;
			baseConfigurationReference = E5ED813C0D0397578D9ED0BC /* Pods-Twitter Clone.release.xcconfig */;
			buildSettings = {
				ASSETCATALOG_COMPILER_APPICON_NAME = AppIcon;
				ASSETCATALOG_COMPILER_GLOBAL_ACCENT_COLOR_NAME = AccentColor;
				CODE_SIGN_STYLE = Automatic;
				INFOPLIST_FILE = "Twitter Clone/Info.plist";
				LD_RUNPATH_SEARCH_PATHS = (
					"$(inherited)",
					"@executable_path/Frameworks",
				);
				PRODUCT_BUNDLE_IDENTIFIER = "com.project-clone.Twitter-Clone";
				PRODUCT_NAME = "$(TARGET_NAME)";
				SWIFT_VERSION = 5.0;
				TARGETED_DEVICE_FAMILY = 1;
			};
			name = Release;
		};
/* End XCBuildConfiguration section */

/* Begin XCConfigurationList section */
		A155E321268A5646007A7E80 /* Build configuration list for PBXProject "Twitter Clone" */ = {
			isa = XCConfigurationList;
			buildConfigurations = (
				A155E338268A5649007A7E80 /* Debug */,
				A155E339268A5649007A7E80 /* Release */,
			);
			defaultConfigurationIsVisible = 0;
			defaultConfigurationName = Release;
		};
		A155E33A268A5649007A7E80 /* Build configuration list for PBXNativeTarget "Twitter Clone" */ = {
			isa = XCConfigurationList;
			buildConfigurations = (
				A155E33B268A5649007A7E80 /* Debug */,
				A155E33C268A5649007A7E80 /* Release */,
			);
			defaultConfigurationIsVisible = 0;
			defaultConfigurationName = Release;
		};
/* End XCConfigurationList section */
	};
	rootObject = A155E31E268A5646007A7E80 /* Project object */;
}
